
Microsoft Visual Studio Solution File, Format Version 12.00
# Visual Studio Version 17
VisualStudioVersion = 17.5.33414.496
MinimumVisualStudioVersion = 10.0.40219.1
Project("{FAE04EC0-301F-11D3-BF4B-00C04F79EFBC}") = "DataAccess", "DataAccess\DataAccess.csproj", "{93F058D0-CADA-4574-8178-824DBC6D83E0}"
EndProject
Project("{FAE04EC0-301F-11D3-BF4B-00C04F79EFBC}") = "Business", "Business\Business.csproj", "{E8C9B63B-BD1A-4AB4-9B33-3B506F97D9B0}"
EndProject
Project("{FAE04EC0-301F-11D3-BF4B-00C04F79EFBC}") = "Entities", "Entities\Entities.csproj", "{D080CEEC-56AC-4410-9DB2-E02C61154E66}"
EndProject
Project("{FAE04EC0-301F-11D3-BF4B-00C04F79EFBC}") = "ConsoleUI", "ConsoleUI\ConsoleUI.csproj", "{E479EFFA-1D46-4F32-92E7-2F78CB3E49B5}"
EndProject
Global
	GlobalSection(SolutionConfigurationPlatforms) = preSolution
		Debug|Any CPU = Debug|Any CPU
		Release|Any CPU = Release|Any CPU
	EndGlobalSection
	GlobalSection(ProjectConfigurationPlatforms) = postSolution
		{93F058D0-CADA-4574-8178-824DBC6D83E0}.Debug|Any CPU.ActiveCfg = Debug|Any CPU
		{93F058D0-CADA-4574-8178-824DBC6D83E0}.Debug|Any CPU.Build.0 = Debug|Any CPU
		{93F058D0-CADA-4574-8178-824DBC6D83E0}.Release|Any CPU.ActiveCfg = Release|Any CPU
		{93F058D0-CADA-4574-8178-824DBC6D83E0}.Release|Any CPU.Build.0 = Release|Any CPU
		{E8C9B63B-BD1A-4AB4-9B33-3B506F97D9B0}.Debug|Any CPU.ActiveCfg = Debug|Any CPU
		{E8C9B63B-BD1A-4AB4-9B33-3B506F97D9B0}.Debug|Any CPU.Build.0 = Debug|Any CPU
		{E8C9B63B-BD1A-4AB4-9B33-3B506F97D9B0}.Release|Any CPU.ActiveCfg = Release|Any CPU
		{E8C9B63B-BD1A-4AB4-9B33-3B506F97D9B0}.Release|Any CPU.Build.0 = Release|Any CPU
		{D080CEEC-56AC-4410-9DB2-E02C61154E66}.Debug|Any CPU.ActiveCfg = Debug|Any CPU
		{D080CEEC-56AC-4410-9DB2-E02C61154E66}.Debug|Any CPU.Build.0 = Debug|Any CPU
		{D080CEEC-56AC-4410-9DB2-E02C61154E66}.Release|Any CPU.ActiveCfg = Release|Any CPU
		{D080CEEC-56AC-4410-9DB2-E02C61154E66}.Release|Any CPU.Build.0 = Release|Any CPU
		{E479EFFA-1D46-4F32-92E7-2F78CB3E49B5}.Debug|Any CPU.ActiveCfg = Debug|Any CPU
		{E479EFFA-1D46-4F32-92E7-2F78CB3E49B5}.Debug|Any CPU.Build.0 = Debug|Any CPU
		{E479EFFA-1D46-4F32-92E7-2F78CB3E49B5}.Release|Any CPU.ActiveCfg = Release|Any CPU
		{E479EFFA-1D46-4F32-92E7-2F78CB3E49B5}.Release|Any CPU.Build.0 = Release|Any CPU
	EndGlobalSection
	GlobalSection(SolutionProperties) = preSolution
		HideSolutionNode = FALSE
	EndGlobalSection
	GlobalSection(ExtensibilityGlobals) = postSolution
		SolutionGuid = {A3EF2B52-3805-4985-BFBF-39EBEBC38549}
	EndGlobalSection
EndGlobal
